
Microsoft Visual Studio Solution File, Format Version 12.00
# Visual Studio Version 16
VisualStudioVersion = 16.0.29519.87
MinimumVisualStudioVersion = 15.0.26124.0
Project("{9A19103F-16F7-4668-BE54-9A1E7A4F7556}") = "DFC.Personalisation.Common", "DFC.Personalisation.Common\DFC.Personalisation.Common.csproj", "{3B72388D-B782-4E58-952A-02BBEA1CE76E}"
EndProject
Project("{9A19103F-16F7-4668-BE54-9A1E7A4F7556}") = "DFC.Personalisation.Common.UnitTests", "DFC.Personalisation.Common.UnitTests\DFC.Personalisation.Common.UnitTests.csproj", "{3B062602-88A7-40BC-B389-2C25E0F85F0C}"
	ProjectSection(ProjectDependencies) = postProject
		{3B72388D-B782-4E58-952A-02BBEA1CE76E} = {3B72388D-B782-4E58-952A-02BBEA1CE76E}
	EndProjectSection
EndProject
Project("{2150E333-8FDC-42A3-9474-1A3956D46DE8}") = "Solution Items", "Solution Items", "{20D04182-2C31-4323-9E4E-E7D6CCCF3908}"
	ProjectSection(SolutionItems) = preProject
		README.md = README.md
	EndProjectSection
EndProject
Global
	GlobalSection(SolutionConfigurationPlatforms) = preSolution
		Debug|Any CPU = Debug|Any CPU
		Debug|x64 = Debug|x64
		Debug|x86 = Debug|x86
		Release|Any CPU = Release|Any CPU
		Release|x64 = Release|x64
		Release|x86 = Release|x86
	EndGlobalSection
	GlobalSection(ProjectConfigurationPlatforms) = postSolution
		{3B72388D-B782-4E58-952A-02BBEA1CE76E}.Debug|Any CPU.ActiveCfg = Debug|Any CPU
		{3B72388D-B782-4E58-952A-02BBEA1CE76E}.Debug|Any CPU.Build.0 = Debug|Any CPU
		{3B72388D-B782-4E58-952A-02BBEA1CE76E}.Debug|x64.ActiveCfg = Debug|Any CPU
		{3B72388D-B782-4E58-952A-02BBEA1CE76E}.Debug|x64.Build.0 = Debug|Any CPU
		{3B72388D-B782-4E58-952A-02BBEA1CE76E}.Debug|x86.ActiveCfg = Debug|Any CPU
		{3B72388D-B782-4E58-952A-02BBEA1CE76E}.Debug|x86.Build.0 = Debug|Any CPU
		{3B72388D-B782-4E58-952A-02BBEA1CE76E}.Release|Any CPU.ActiveCfg = Release|Any CPU
		{3B72388D-B782-4E58-952A-02BBEA1CE76E}.Release|Any CPU.Build.0 = Release|Any CPU
		{3B72388D-B782-4E58-952A-02BBEA1CE76E}.Release|x64.ActiveCfg = Release|Any CPU
		{3B72388D-B782-4E58-952A-02BBEA1CE76E}.Release|x64.Build.0 = Release|Any CPU
		{3B72388D-B782-4E58-952A-02BBEA1CE76E}.Release|x86.ActiveCfg = Release|Any CPU
		{3B72388D-B782-4E58-952A-02BBEA1CE76E}.Release|x86.Build.0 = Release|Any CPU
		{3B062602-88A7-40BC-B389-2C25E0F85F0C}.Debug|Any CPU.ActiveCfg = Debug|Any CPU
		{3B062602-88A7-40BC-B389-2C25E0F85F0C}.Debug|Any CPU.Build.0 = Debug|Any CPU
		{3B062602-88A7-40BC-B389-2C25E0F85F0C}.Debug|x64.ActiveCfg = Debug|Any CPU
		{3B062602-88A7-40BC-B389-2C25E0F85F0C}.Debug|x64.Build.0 = Debug|Any CPU
		{3B062602-88A7-40BC-B389-2C25E0F85F0C}.Debug|x86.ActiveCfg = Debug|Any CPU
		{3B062602-88A7-40BC-B389-2C25E0F85F0C}.Debug|x86.Build.0 = Debug|Any CPU
		{3B062602-88A7-40BC-B389-2C25E0F85F0C}.Release|Any CPU.ActiveCfg = Release|Any CPU
		{3B062602-88A7-40BC-B389-2C25E0F85F0C}.Release|Any CPU.Build.0 = Release|Any CPU
		{3B062602-88A7-40BC-B389-2C25E0F85F0C}.Release|x64.ActiveCfg = Release|Any CPU
		{3B062602-88A7-40BC-B389-2C25E0F85F0C}.Release|x64.Build.0 = Release|Any CPU
		{3B062602-88A7-40BC-B389-2C25E0F85F0C}.Release|x86.ActiveCfg = Release|Any CPU
		{3B062602-88A7-40BC-B389-2C25E0F85F0C}.Release|x86.Build.0 = Release|Any CPU
	EndGlobalSection
	GlobalSection(SolutionProperties) = preSolution
		HideSolutionNode = FALSE
	EndGlobalSection
	GlobalSection(ExtensibilityGlobals) = postSolution
		SolutionGuid = {E7DB3970-9FE2-4CE3-9502-80D5245C78B1}
	EndGlobalSection
EndGlobal
